
Microsoft Visual Studio Solution File, Format Version 12.00
Project("{2150E333-8FDC-42A3-9474-1A3956D46DE8}") = "src", "src", "{6F7CFD34-0C8D-44FB-BAD2-025784E6D7D9}"
EndProject
Project("{2150E333-8FDC-42A3-9474-1A3956D46DE8}") = "test", "test", "{550DC7C2-2EEE-4E10-847E-13FFAD3A4F7D}"
EndProject
Project("{2150E333-8FDC-42A3-9474-1A3956D46DE8}") = "0.solution_items", "0.solution_items", "{8D9864B2-9547-4242-A8F0-2479350BC9F6}"
	ProjectSection(SolutionItems) = preProject
		Directory.Build.targets = Directory.Build.targets
		Directory.Build.Volo.targets = Directory.Build.Volo.targets
	EndProjectSection
EndProject
Project("{FAE04EC0-301F-11D3-BF4B-00C04F79EFBC}") = "Bee.Abp.Localozation", "src\Bee.Abp\Bee.Abp.Localozation\Bee.Abp.Localozation.csproj", "{680F70AA-6899-41E6-A069-F2173E605E10}"
EndProject
Project("{FAE04EC0-301F-11D3-BF4B-00C04F79EFBC}") = "Bee.Abp", "src\Bee.Abp\Bee.Abp\Bee.Abp.csproj", "{BBEB7042-A22F-4CDC-AF8C-3575FCFDA62F}"
EndProject
Project("{FAE04EC0-301F-11D3-BF4B-00C04F79EFBC}") = "Bee.Abp.Tests", "test\Bee.Abp\Bee.Abp.Tests\Bee.Abp.Tests.csproj", "{BC531A28-3F52-4FDB-9F3C-1A7F20DCDCFD}"
EndProject
Project("{FAE04EC0-301F-11D3-BF4B-00C04F79EFBC}") = "Bee.Abp.Localozation.Tests", "test\Bee.Abp\Bee.Abp.Localozation.Tests\Bee.Abp.Localozation.Tests.csproj", "{88734D43-EEC8-46D6-A83B-EAA803A47EB9}"
EndProject
Project("{FAE04EC0-301F-11D3-BF4B-00C04F79EFBC}") = "Bee.Apm", "src\Bee\Bee.Apm\Bee.Apm.csproj", "{916FEC00-C1C9-4E9A-91B0-E3D25C1FD456}"
EndProject
Project("{FAE04EC0-301F-11D3-BF4B-00C04F79EFBC}") = "Bee.Abp.Apm", "src\Bee.Abp\Bee.Abp.Apm\Bee.Abp.Apm.csproj", "{A5C795A4-42EE-42E6-99B2-F5E7C5043705}"
EndProject
Project("{2150E333-8FDC-42A3-9474-1A3956D46DE8}") = "Bee", "Bee", "{CF503882-992F-4FC1-8B22-0ED6ED48D4DD}"
EndProject
Project("{2150E333-8FDC-42A3-9474-1A3956D46DE8}") = "Bee.Abp", "Bee.Abp", "{B4AB3CDB-B818-4C3D-85B5-A8A29FE1282D}"
EndProject
Project("{2150E333-8FDC-42A3-9474-1A3956D46DE8}") = "Bee.Abp", "Bee.Abp", "{D11A80A5-3675-4650-A45A-80D4D302BDB0}"
EndProject
Project("{FAE04EC0-301F-11D3-BF4B-00C04F79EFBC}") = "Bee", "src\Bee\Bee\Bee.csproj", "{14CC2F31-9742-4897-9AFD-E9004FE2B4A4}"
EndProject
Project("{2150E333-8FDC-42A3-9474-1A3956D46DE8}") = "Bee", "Bee", "{3AC2195B-AD1B-4222-BD07-B6DE4C47D120}"
EndProject
Project("{FAE04EC0-301F-11D3-BF4B-00C04F79EFBC}") = "Bee.Tests", "test\Bee\Bee.Tests.csproj", "{6FEACD3F-8A7F-478A-A93C-2BC49BEF13CF}"
EndProject
Project("{2150E333-8FDC-42A3-9474-1A3956D46DE8}") = "sample", "sample", "{A92CB8FF-1694-4DCB-90D9-D06C7AF0E460}"
EndProject
Project("{2150E333-8FDC-42A3-9474-1A3956D46DE8}") = "Bee", "Bee", "{1163EBEE-0233-43DC-962D-DE4C3D9B8063}"
EndProject
Project("{2150E333-8FDC-42A3-9474-1A3956D46DE8}") = "Bee.Apm", "Bee.Apm", "{E1569E06-96EE-48BE-AEFE-9678BC1E09D3}"
EndProject
Project("{FAE04EC0-301F-11D3-BF4B-00C04F79EFBC}") = "Bee.Apm.AspNetCore.SampleA", "sample\Bee\Bee.Apm.AspNetCore.SampleA\Bee.Apm.AspNetCore.SampleA.csproj", "{357E442C-F1C7-4128-BD10-4A6CB3FCD591}"
EndProject
Global
	GlobalSection(SolutionConfigurationPlatforms) = preSolution
		Debug|Any CPU = Debug|Any CPU
		Release|Any CPU = Release|Any CPU
	EndGlobalSection
	GlobalSection(NestedProjects) = preSolution
		{CF503882-992F-4FC1-8B22-0ED6ED48D4DD} = {6F7CFD34-0C8D-44FB-BAD2-025784E6D7D9}
		{B4AB3CDB-B818-4C3D-85B5-A8A29FE1282D} = {6F7CFD34-0C8D-44FB-BAD2-025784E6D7D9}
		{BBEB7042-A22F-4CDC-AF8C-3575FCFDA62F} = {B4AB3CDB-B818-4C3D-85B5-A8A29FE1282D}
		{680F70AA-6899-41E6-A069-F2173E605E10} = {B4AB3CDB-B818-4C3D-85B5-A8A29FE1282D}
		{A5C795A4-42EE-42E6-99B2-F5E7C5043705} = {B4AB3CDB-B818-4C3D-85B5-A8A29FE1282D}
		{916FEC00-C1C9-4E9A-91B0-E3D25C1FD456} = {CF503882-992F-4FC1-8B22-0ED6ED48D4DD}
		{D11A80A5-3675-4650-A45A-80D4D302BDB0} = {550DC7C2-2EEE-4E10-847E-13FFAD3A4F7D}
		{88734D43-EEC8-46D6-A83B-EAA803A47EB9} = {D11A80A5-3675-4650-A45A-80D4D302BDB0}
		{BC531A28-3F52-4FDB-9F3C-1A7F20DCDCFD} = {D11A80A5-3675-4650-A45A-80D4D302BDB0}
		{14CC2F31-9742-4897-9AFD-E9004FE2B4A4} = {CF503882-992F-4FC1-8B22-0ED6ED48D4DD}
		{3AC2195B-AD1B-4222-BD07-B6DE4C47D120} = {550DC7C2-2EEE-4E10-847E-13FFAD3A4F7D}
		{6FEACD3F-8A7F-478A-A93C-2BC49BEF13CF} = {3AC2195B-AD1B-4222-BD07-B6DE4C47D120}
		{1163EBEE-0233-43DC-962D-DE4C3D9B8063} = {A92CB8FF-1694-4DCB-90D9-D06C7AF0E460}
		{E1569E06-96EE-48BE-AEFE-9678BC1E09D3} = {1163EBEE-0233-43DC-962D-DE4C3D9B8063}
		{357E442C-F1C7-4128-BD10-4A6CB3FCD591} = {E1569E06-96EE-48BE-AEFE-9678BC1E09D3}
	EndGlobalSection
	GlobalSection(ProjectConfigurationPlatforms) = postSolution
		{680F70AA-6899-41E6-A069-F2173E605E10}.Debug|Any CPU.ActiveCfg = Debug|Any CPU
		{680F70AA-6899-41E6-A069-F2173E605E10}.Debug|Any CPU.Build.0 = Debug|Any CPU
		{680F70AA-6899-41E6-A069-F2173E605E10}.Release|Any CPU.ActiveCfg = Release|Any CPU
		{680F70AA-6899-41E6-A069-F2173E605E10}.Release|Any CPU.Build.0 = Release|Any CPU
		{BBEB7042-A22F-4CDC-AF8C-3575FCFDA62F}.Debug|Any CPU.ActiveCfg = Debug|Any CPU
		{BBEB7042-A22F-4CDC-AF8C-3575FCFDA62F}.Debug|Any CPU.Build.0 = Debug|Any CPU
		{BBEB7042-A22F-4CDC-AF8C-3575FCFDA62F}.Release|Any CPU.ActiveCfg = Release|Any CPU
		{BBEB7042-A22F-4CDC-AF8C-3575FCFDA62F}.Release|Any CPU.Build.0 = Release|Any CPU
		{BC531A28-3F52-4FDB-9F3C-1A7F20DCDCFD}.Debug|Any CPU.ActiveCfg = Debug|Any CPU
		{BC531A28-3F52-4FDB-9F3C-1A7F20DCDCFD}.Debug|Any CPU.Build.0 = Debug|Any CPU
		{BC531A28-3F52-4FDB-9F3C-1A7F20DCDCFD}.Release|Any CPU.ActiveCfg = Release|Any CPU
		{BC531A28-3F52-4FDB-9F3C-1A7F20DCDCFD}.Release|Any CPU.Build.0 = Release|Any CPU
		{88734D43-EEC8-46D6-A83B-EAA803A47EB9}.Debug|Any CPU.ActiveCfg = Debug|Any CPU
		{88734D43-EEC8-46D6-A83B-EAA803A47EB9}.Debug|Any CPU.Build.0 = Debug|Any CPU
		{88734D43-EEC8-46D6-A83B-EAA803A47EB9}.Release|Any CPU.ActiveCfg = Release|Any CPU
		{88734D43-EEC8-46D6-A83B-EAA803A47EB9}.Release|Any CPU.Build.0 = Release|Any CPU
		{916FEC00-C1C9-4E9A-91B0-E3D25C1FD456}.Debug|Any CPU.ActiveCfg = Debug|Any CPU
		{916FEC00-C1C9-4E9A-91B0-E3D25C1FD456}.Debug|Any CPU.Build.0 = Debug|Any CPU
		{916FEC00-C1C9-4E9A-91B0-E3D25C1FD456}.Release|Any CPU.ActiveCfg = Release|Any CPU
		{916FEC00-C1C9-4E9A-91B0-E3D25C1FD456}.Release|Any CPU.Build.0 = Release|Any CPU
		{A5C795A4-42EE-42E6-99B2-F5E7C5043705}.Debug|Any CPU.ActiveCfg = Debug|Any CPU
		{A5C795A4-42EE-42E6-99B2-F5E7C5043705}.Debug|Any CPU.Build.0 = Debug|Any CPU
		{A5C795A4-42EE-42E6-99B2-F5E7C5043705}.Release|Any CPU.ActiveCfg = Release|Any CPU
		{A5C795A4-42EE-42E6-99B2-F5E7C5043705}.Release|Any CPU.Build.0 = Release|Any CPU
		{14CC2F31-9742-4897-9AFD-E9004FE2B4A4}.Debug|Any CPU.ActiveCfg = Debug|Any CPU
		{14CC2F31-9742-4897-9AFD-E9004FE2B4A4}.Debug|Any CPU.Build.0 = Debug|Any CPU
		{14CC2F31-9742-4897-9AFD-E9004FE2B4A4}.Release|Any CPU.ActiveCfg = Release|Any CPU
		{14CC2F31-9742-4897-9AFD-E9004FE2B4A4}.Release|Any CPU.Build.0 = Release|Any CPU
		{6FEACD3F-8A7F-478A-A93C-2BC49BEF13CF}.Debug|Any CPU.ActiveCfg = Debug|Any CPU
		{6FEACD3F-8A7F-478A-A93C-2BC49BEF13CF}.Debug|Any CPU.Build.0 = Debug|Any CPU
		{6FEACD3F-8A7F-478A-A93C-2BC49BEF13CF}.Release|Any CPU.ActiveCfg = Release|Any CPU
		{6FEACD3F-8A7F-478A-A93C-2BC49BEF13CF}.Release|Any CPU.Build.0 = Release|Any CPU
		{357E442C-F1C7-4128-BD10-4A6CB3FCD591}.Debug|Any CPU.ActiveCfg = Debug|Any CPU
		{357E442C-F1C7-4128-BD10-4A6CB3FCD591}.Debug|Any CPU.Build.0 = Debug|Any CPU
		{357E442C-F1C7-4128-BD10-4A6CB3FCD591}.Release|Any CPU.ActiveCfg = Release|Any CPU
		{357E442C-F1C7-4128-BD10-4A6CB3FCD591}.Release|Any CPU.Build.0 = Release|Any CPU
	EndGlobalSection
EndGlobal
